// !$*UTF8*$!
{
	archiveVersion = 1;
	classes = {
	};
	objectVersion = 46;
	objects = {

/* Begin PBXBuildFile section */
		D2206F031D92E58D00F08066 /* SocialLink.swift in Sources */ = {isa = PBXBuildFile; fileRef = D2206F021D92E58D00F08066 /* SocialLink.swift */; };
		D2206F051D92E65100F08066 /* SocialCell.swift in Sources */ = {isa = PBXBuildFile; fileRef = D2206F041D92E65100F08066 /* SocialCell.swift */; };
		D2206F071D92E7B700F08066 /* MoreVC.swift in Sources */ = {isa = PBXBuildFile; fileRef = D2206F061D92E7B700F08066 /* MoreVC.swift */; };
		D2206F091D92F15C00F08066 /* ShowWebsiteVC.swift in Sources */ = {isa = PBXBuildFile; fileRef = D2206F081D92F15C00F08066 /* ShowWebsiteVC.swift */; };
		D24438361D921D53007BFD9E /* DegreesToRadians.swift in Sources */ = {isa = PBXBuildFile; fileRef = D24438351D921D53007BFD9E /* DegreesToRadians.swift */; };
		D24438381D921DB9007BFD9E /* StatView.swift in Sources */ = {isa = PBXBuildFile; fileRef = D24438371D921DB9007BFD9E /* StatView.swift */; };
		D28061131D8D8CD50052FAC7 /* AppDelegate.swift in Sources */ = {isa = PBXBuildFile; fileRef = D28061121D8D8CD50052FAC7 /* AppDelegate.swift */; };
		D28061151D8D8CD50052FAC7 /* HomeVC.swift in Sources */ = {isa = PBXBuildFile; fileRef = D28061141D8D8CD50052FAC7 /* HomeVC.swift */; };
		D28061171D8D8CD50052FAC7 /* MyResumeVC.swift in Sources */ = {isa = PBXBuildFile; fileRef = D28061161D8D8CD50052FAC7 /* MyResumeVC.swift */; };
		D280611A1D8D8CD50052FAC7 /* Main.storyboard in Resources */ = {isa = PBXBuildFile; fileRef = D28061181D8D8CD50052FAC7 /* Main.storyboard */; };
		D280611C1D8D8CD50052FAC7 /* Assets.xcassets in Resources */ = {isa = PBXBuildFile; fileRef = D280611B1D8D8CD50052FAC7 /* Assets.xcassets */; };
		D280611F1D8D8CD50052FAC7 /* LaunchScreen.storyboard in Resources */ = {isa = PBXBuildFile; fileRef = D280611D1D8D8CD50052FAC7 /* LaunchScreen.storyboard */; };
		D280612A1D8D8CD50052FAC7 /* MyTests.swift in Sources */ = {isa = PBXBuildFile; fileRef = D28061291D8D8CD50052FAC7 /* MyTests.swift */; };
		D28061351D8D8CD50052FAC7 /* MyUITests.swift in Sources */ = {isa = PBXBuildFile; fileRef = D28061341D8D8CD50052FAC7 /* MyUITests.swift */; };
		D29587161D917D1700AF1B1D /* FancyView.swift in Sources */ = {isa = PBXBuildFile; fileRef = D29587151D917D1700AF1B1D /* FancyView.swift */; };
		D29587191D9182C700AF1B1D /* Constants.swift in Sources */ = {isa = PBXBuildFile; fileRef = D29587181D9182C700AF1B1D /* Constants.swift */; };
		D29587221D91854900AF1B1D /* SourceCodePro-Light.ttf in Resources */ = {isa = PBXBuildFile; fileRef = D295871F1D91854900AF1B1D /* SourceCodePro-Light.ttf */; };
		D29587231D91854900AF1B1D /* SourceCodePro-Regular.ttf in Resources */ = {isa = PBXBuildFile; fileRef = D29587201D91854900AF1B1D /* SourceCodePro-Regular.ttf */; };
		D29587241D91854900AF1B1D /* SourceCodePro-Semibold.ttf in Resources */ = {isa = PBXBuildFile; fileRef = D29587211D91854900AF1B1D /* SourceCodePro-Semibold.ttf */; };
		D295872B1D91A16D00AF1B1D /* SourceSansPro-Italic.ttf in Resources */ = {isa = PBXBuildFile; fileRef = D29587251D91A16D00AF1B1D /* SourceSansPro-Italic.ttf */; };
		D295872C1D91A16D00AF1B1D /* SourceSansPro-Light.ttf in Resources */ = {isa = PBXBuildFile; fileRef = D29587261D91A16D00AF1B1D /* SourceSansPro-Light.ttf */; };
		D295872D1D91A16D00AF1B1D /* SourceSansPro-LightItalic.ttf in Resources */ = {isa = PBXBuildFile; fileRef = D29587271D91A16D00AF1B1D /* SourceSansPro-LightItalic.ttf */; };
		D295872E1D91A16D00AF1B1D /* SourceSansPro-Regular.ttf in Resources */ = {isa = PBXBuildFile; fileRef = D29587281D91A16D00AF1B1D /* SourceSansPro-Regular.ttf */; };
		D295872F1D91A16D00AF1B1D /* SourceSansPro-Semibold.ttf in Resources */ = {isa = PBXBuildFile; fileRef = D29587291D91A16D00AF1B1D /* SourceSansPro-Semibold.ttf */; };
		D29587301D91A16D00AF1B1D /* SourceSansPro-SemiboldItalic.ttf in Resources */ = {isa = PBXBuildFile; fileRef = D295872A1D91A16D00AF1B1D /* SourceSansPro-SemiboldItalic.ttf */; };
		D29587321D91A5F600AF1B1D /* FancyButton.swift in Sources */ = {isa = PBXBuildFile; fileRef = D29587311D91A5F600AF1B1D /* FancyButton.swift */; };
		D295C4541D8D9AE50015DCB3 /* CustomAvatar.swift in Sources */ = {isa = PBXBuildFile; fileRef = D295C4531D8D9AE50015DCB3 /* CustomAvatar.swift */; };
		D2C81C691D93B75000E8DEA0 /* getintouch.jpg in Resources */ = {isa = PBXBuildFile; fileRef = D2C81C681D93B75000E8DEA0 /* getintouch.jpg */; };
		D2C81C6B1D93B7B300E8DEA0 /* twitter logo mask.png in Resources */ = {isa = PBXBuildFile; fileRef = D2C81C6A1D93B7B300E8DEA0 /* twitter logo mask.png */; };
		D2C81C6D1D93B92900E8DEA0 /* contactmask.png in Resources */ = {isa = PBXBuildFile; fileRef = D2C81C6C1D93B92900E8DEA0 /* contactmask.png */; };
		D2FFF9481D9360BA00C89690 /* ContactVC.swift in Sources */ = {isa = PBXBuildFile; fileRef = D2FFF9471D9360BA00C89690 /* ContactVC.swift */; };
/* End PBXBuildFile section */

/* Begin PBXContainerItemProxy section */
		D28061261D8D8CD50052FAC7 /* PBXContainerItemProxy */ = {
			isa = PBXContainerItemProxy;
			containerPortal = D28061071D8D8CD50052FAC7 /* Project object */;
			proxyType = 1;
			remoteGlobalIDString = D280610E1D8D8CD50052FAC7;
			remoteInfo = My;
		};
		D28061311D8D8CD50052FAC7 /* PBXContainerItemProxy */ = {
			isa = PBXContainerItemProxy;
			containerPortal = D28061071D8D8CD50052FAC7 /* Project object */;
			proxyType = 1;
			remoteGlobalIDString = D280610E1D8D8CD50052FAC7;
			remoteInfo = My;
		};
/* End PBXContainerItemProxy section */

/* Begin PBXFileReference section */
		D2206F021D92E58D00F08066 /* SocialLink.swift */ = {isa = PBXFileReference; fileEncoding = 4; lastKnownFileType = sourcecode.swift; path = SocialLink.swift; sourceTree = "<group>"; };
		D2206F041D92E65100F08066 /* SocialCell.swift */ = {isa = PBXFileReference; fileEncoding = 4; lastKnownFileType = sourcecode.swift; path = SocialCell.swift; sourceTree = "<group>"; };
		D2206F061D92E7B700F08066 /* MoreVC.swift */ = {isa = PBXFileReference; fileEncoding = 4; lastKnownFileType = sourcecode.swift; path = MoreVC.swift; sourceTree = "<group>"; };
		D2206F081D92F15C00F08066 /* ShowWebsiteVC.swift */ = {isa = PBXFileReference; fileEncoding = 4; lastKnownFileType = sourcecode.swift; path = ShowWebsiteVC.swift; sourceTree = "<group>"; };
		D24438351D921D53007BFD9E /* DegreesToRadians.swift */ = {isa = PBXFileReference; fileEncoding = 4; lastKnownFileType = sourcecode.swift; path = DegreesToRadians.swift; sourceTree = "<group>"; };
		D24438371D921DB9007BFD9E /* StatView.swift */ = {isa = PBXFileReference; fileEncoding = 4; lastKnownFileType = sourcecode.swift; path = StatView.swift; sourceTree = "<group>"; };
		D280610F1D8D8CD50052FAC7 /* MyCV.app */ = {isa = PBXFileReference; explicitFileType = wrapper.application; includeInIndex = 0; path = MyCV.app; sourceTree = BUILT_PRODUCTS_DIR; };
		D28061121D8D8CD50052FAC7 /* AppDelegate.swift */ = {isa = PBXFileReference; lastKnownFileType = sourcecode.swift; path = AppDelegate.swift; sourceTree = "<group>"; };
		D28061141D8D8CD50052FAC7 /* HomeVC.swift */ = {isa = PBXFileReference; lastKnownFileType = sourcecode.swift; path = HomeVC.swift; sourceTree = "<group>"; };
		D28061161D8D8CD50052FAC7 /* MyResumeVC.swift */ = {isa = PBXFileReference; lastKnownFileType = sourcecode.swift; path = MyResumeVC.swift; sourceTree = "<group>"; };
		D28061191D8D8CD50052FAC7 /* Base */ = {isa = PBXFileReference; lastKnownFileType = file.storyboard; name = Base; path = Base.lproj/Main.storyboard; sourceTree = "<group>"; };
		D280611B1D8D8CD50052FAC7 /* Assets.xcassets */ = {isa = PBXFileReference; lastKnownFileType = folder.assetcatalog; path = Assets.xcassets; sourceTree = "<group>"; };
		D280611E1D8D8CD50052FAC7 /* Base */ = {isa = PBXFileReference; lastKnownFileType = file.storyboard; name = Base; path = Base.lproj/LaunchScreen.storyboard; sourceTree = "<group>"; };
		D28061201D8D8CD50052FAC7 /* Info.plist */ = {isa = PBXFileReference; lastKnownFileType = text.plist.xml; path = Info.plist; sourceTree = "<group>"; };
		D28061251D8D8CD50052FAC7 /* MyCVTests.xctest */ = {isa = PBXFileReference; explicitFileType = wrapper.cfbundle; includeInIndex = 0; path = MyCVTests.xctest; sourceTree = BUILT_PRODUCTS_DIR; };
		D28061291D8D8CD50052FAC7 /* MyTests.swift */ = {isa = PBXFileReference; lastKnownFileType = sourcecode.swift; path = MyTests.swift; sourceTree = "<group>"; };
		D280612B1D8D8CD50052FAC7 /* Info.plist */ = {isa = PBXFileReference; lastKnownFileType = text.plist.xml; path = Info.plist; sourceTree = "<group>"; };
		D28061301D8D8CD50052FAC7 /* MyCVUITests.xctest */ = {isa = PBXFileReference; explicitFileType = wrapper.cfbundle; includeInIndex = 0; path = MyCVUITests.xctest; sourceTree = BUILT_PRODUCTS_DIR; };
		D28061341D8D8CD50052FAC7 /* MyUITests.swift */ = {isa = PBXFileReference; lastKnownFileType = sourcecode.swift; path = MyUITests.swift; sourceTree = "<group>"; };
		D28061361D8D8CD50052FAC7 /* Info.plist */ = {isa = PBXFileReference; lastKnownFileType = text.plist.xml; path = Info.plist; sourceTree = "<group>"; };
		D29587151D917D1700AF1B1D /* FancyView.swift */ = {isa = PBXFileReference; fileEncoding = 4; lastKnownFileType = sourcecode.swift; path = FancyView.swift; sourceTree = "<group>"; };
		D29587181D9182C700AF1B1D /* Constants.swift */ = {isa = PBXFileReference; fileEncoding = 4; lastKnownFileType = sourcecode.swift; path = Constants.swift; sourceTree = "<group>"; };
		D295871F1D91854900AF1B1D /* SourceCodePro-Light.ttf */ = {isa = PBXFileReference; lastKnownFileType = file; path = "SourceCodePro-Light.ttf"; sourceTree = "<group>"; };
		D29587201D91854900AF1B1D /* SourceCodePro-Regular.ttf */ = {isa = PBXFileReference; lastKnownFileType = file; path = "SourceCodePro-Regular.ttf"; sourceTree = "<group>"; };
		D29587211D91854900AF1B1D /* SourceCodePro-Semibold.ttf */ = {isa = PBXFileReference; lastKnownFileType = file; path = "SourceCodePro-Semibold.ttf"; sourceTree = "<group>"; };
		D29587251D91A16D00AF1B1D /* SourceSansPro-Italic.ttf */ = {isa = PBXFileReference; lastKnownFileType = file; path = "SourceSansPro-Italic.ttf"; sourceTree = "<group>"; };
		D29587261D91A16D00AF1B1D /* SourceSansPro-Light.ttf */ = {isa = PBXFileReference; lastKnownFileType = file; path = "SourceSansPro-Light.ttf"; sourceTree = "<group>"; };
		D29587271D91A16D00AF1B1D /* SourceSansPro-LightItalic.ttf */ = {isa = PBXFileReference; lastKnownFileType = file; path = "SourceSansPro-LightItalic.ttf"; sourceTree = "<group>"; };
		D29587281D91A16D00AF1B1D /* SourceSansPro-Regular.ttf */ = {isa = PBXFileReference; lastKnownFileType = file; path = "SourceSansPro-Regular.ttf"; sourceTree = "<group>"; };
		D29587291D91A16D00AF1B1D /* SourceSansPro-Semibold.ttf */ = {isa = PBXFileReference; lastKnownFileType = file; path = "SourceSansPro-Semibold.ttf"; sourceTree = "<group>"; };
		D295872A1D91A16D00AF1B1D /* SourceSansPro-SemiboldItalic.ttf */ = {isa = PBXFileReference; lastKnownFileType = file; path = "SourceSansPro-SemiboldItalic.ttf"; sourceTree = "<group>"; };
		D29587311D91A5F600AF1B1D /* FancyButton.swift */ = {isa = PBXFileReference; fileEncoding = 4; lastKnownFileType = sourcecode.swift; path = FancyButton.swift; sourceTree = "<group>"; };
		D295C4531D8D9AE50015DCB3 /* CustomAvatar.swift */ = {isa = PBXFileReference; fileEncoding = 4; lastKnownFileType = sourcecode.swift; path = CustomAvatar.swift; sourceTree = "<group>"; };
		D2C81C681D93B75000E8DEA0 /* getintouch.jpg */ = {isa = PBXFileReference; lastKnownFileType = image.jpeg; path = getintouch.jpg; sourceTree = "<group>"; };
		D2C81C6A1D93B7B300E8DEA0 /* twitter logo mask.png */ = {isa = PBXFileReference; lastKnownFileType = image.png; path = "twitter logo mask.png"; sourceTree = "<group>"; };
		D2C81C6C1D93B92900E8DEA0 /* contactmask.png */ = {isa = PBXFileReference; lastKnownFileType = image.png; path = contactmask.png; sourceTree = "<group>"; };
		D2FFF9471D9360BA00C89690 /* ContactVC.swift */ = {isa = PBXFileReference; fileEncoding = 4; lastKnownFileType = sourcecode.swift; path = ContactVC.swift; sourceTree = "<group>"; };
/* End PBXFileReference section */

/* Begin PBXFrameworksBuildPhase section */
		D280610C1D8D8CD50052FAC7 /* Frameworks */ = {
			isa = PBXFrameworksBuildPhase;
			buildActionMask = 2147483647;
			files = (
			);
			runOnlyForDeploymentPostprocessing = 0;
		};
		D28061221D8D8CD50052FAC7 /* Frameworks */ = {
			isa = PBXFrameworksBuildPhase;
			buildActionMask = 2147483647;
			files = (
			);
			runOnlyForDeploymentPostprocessing = 0;
		};
		D280612D1D8D8CD50052FAC7 /* Frameworks */ = {
			isa = PBXFrameworksBuildPhase;
			buildActionMask = 2147483647;
			files = (
			);
			runOnlyForDeploymentPostprocessing = 0;
		};
/* End PBXFrameworksBuildPhase section */

/* Begin PBXGroup section */
		D2206F011D92E56D00F08066 /* Models */ = {
			isa = PBXGroup;
			children = (
				D2206F021D92E58D00F08066 /* SocialLink.swift */,
			);
			name = Models;
			sourceTree = "<group>";
		};
		D28061061D8D8CD50052FAC7 = {
			isa = PBXGroup;
			children = (
				D28061111D8D8CD50052FAC7 /* MyCV */,
				D28061281D8D8CD50052FAC7 /* MyTests */,
				D28061331D8D8CD50052FAC7 /* MyUITests */,
				D28061101D8D8CD50052FAC7 /* Products */,
			);
			sourceTree = "<group>";
		};
		D28061101D8D8CD50052FAC7 /* Products */ = {
			isa = PBXGroup;
			children = (
				D280610F1D8D8CD50052FAC7 /* MyCV.app */,
				D28061251D8D8CD50052FAC7 /* MyCVTests.xctest */,
				D28061301D8D8CD50052FAC7 /* MyCVUITests.xctest */,
			);
			name = Products;
			sourceTree = "<group>";
		};
		D28061111D8D8CD50052FAC7 /* MyCV */ = {
			isa = PBXGroup;
			children = (
				D28061121D8D8CD50052FAC7 /* AppDelegate.swift */,
				D295C4561D8D9BE80015DCB3 /* Storyboard */,
				D2206F011D92E56D00F08066 /* Models */,
				D295C4521D8D9ACF0015DCB3 /* Views */,
				D295C4551D8D9B3B0015DCB3 /* Controllers */,
				D295871E1D91852A00AF1B1D /* Resources */,
				D29587171D9182B700AF1B1D /* Helpers */,
				D280611B1D8D8CD50052FAC7 /* Assets.xcassets */,
				D28061201D8D8CD50052FAC7 /* Info.plist */,
			);
			name = MyCV;
			path = My;
			sourceTree = "<group>";
		};
		D28061281D8D8CD50052FAC7 /* MyTests */ = {
			isa = PBXGroup;
			children = (
				D28061291D8D8CD50052FAC7 /* MyTests.swift */,
				D280612B1D8D8CD50052FAC7 /* Info.plist */,
			);
			path = MyTests;
			sourceTree = "<group>";
		};
		D28061331D8D8CD50052FAC7 /* MyUITests */ = {
			isa = PBXGroup;
			children = (
				D28061341D8D8CD50052FAC7 /* MyUITests.swift */,
				D28061361D8D8CD50052FAC7 /* Info.plist */,
			);
			path = MyUITests;
			sourceTree = "<group>";
		};
		D29587171D9182B700AF1B1D /* Helpers */ = {
			isa = PBXGroup;
			children = (
				D29587181D9182C700AF1B1D /* Constants.swift */,
				D24438351D921D53007BFD9E /* DegreesToRadians.swift */,
			);
			name = Helpers;
			sourceTree = "<group>";
		};
		D295871E1D91852A00AF1B1D /* Resources */ = {
			isa = PBXGroup;
			children = (
				D2C81C6C1D93B92900E8DEA0 /* contactmask.png */,
				D2C81C6A1D93B7B300E8DEA0 /* twitter logo mask.png */,
				D2C81C681D93B75000E8DEA0 /* getintouch.jpg */,
				D295871F1D91854900AF1B1D /* SourceCodePro-Light.ttf */,
				D29587201D91854900AF1B1D /* SourceCodePro-Regular.ttf */,
				D29587251D91A16D00AF1B1D /* SourceSansPro-Italic.ttf */,
				D29587261D91A16D00AF1B1D /* SourceSansPro-Light.ttf */,
				D29587271D91A16D00AF1B1D /* SourceSansPro-LightItalic.ttf */,
				D29587281D91A16D00AF1B1D /* SourceSansPro-Regular.ttf */,
				D29587291D91A16D00AF1B1D /* SourceSansPro-Semibold.ttf */,
				D295872A1D91A16D00AF1B1D /* SourceSansPro-SemiboldItalic.ttf */,
				D29587211D91854900AF1B1D /* SourceCodePro-Semibold.ttf */,
			);
			name = Resources;
			sourceTree = "<group>";
		};
		D295C4521D8D9ACF0015DCB3 /* Views */ = {
			isa = PBXGroup;
			children = (
				D295C4531D8D9AE50015DCB3 /* CustomAvatar.swift */,
				D29587151D917D1700AF1B1D /* FancyView.swift */,
				D29587311D91A5F600AF1B1D /* FancyButton.swift */,
				D24438371D921DB9007BFD9E /* StatView.swift */,
				D2206F041D92E65100F08066 /* SocialCell.swift */,
			);
			name = Views;
			sourceTree = "<group>";
		};
		D295C4551D8D9B3B0015DCB3 /* Controllers */ = {
			isa = PBXGroup;
			children = (
				D28061141D8D8CD50052FAC7 /* HomeVC.swift */,
				D28061161D8D8CD50052FAC7 /* MyResumeVC.swift */,
				D2206F061D92E7B700F08066 /* MoreVC.swift */,
				D2206F081D92F15C00F08066 /* ShowWebsiteVC.swift */,
				D2FFF9471D9360BA00C89690 /* ContactVC.swift */,
			);
			name = Controllers;
			sourceTree = "<group>";
		};
		D295C4561D8D9BE80015DCB3 /* Storyboard */ = {
			isa = PBXGroup;
			children = (
				D28061181D8D8CD50052FAC7 /* Main.storyboard */,
				D280611D1D8D8CD50052FAC7 /* LaunchScreen.storyboard */,
			);
			name = Storyboard;
			sourceTree = "<group>";
		};
/* End PBXGroup section */

/* Begin PBXNativeTarget section */
		D280610E1D8D8CD50052FAC7 /* MyCV */ = {
			isa = PBXNativeTarget;
			buildConfigurationList = D28061391D8D8CD50052FAC7 /* Build configuration list for PBXNativeTarget "MyCV" */;
			buildPhases = (
				D280610B1D8D8CD50052FAC7 /* Sources */,
				D280610C1D8D8CD50052FAC7 /* Frameworks */,
				D280610D1D8D8CD50052FAC7 /* Resources */,
			);
			buildRules = (
			);
			dependencies = (
			);
			name = MyCV;
			productName = My;
			productReference = D280610F1D8D8CD50052FAC7 /* MyCV.app */;
			productType = "com.apple.product-type.application";
		};
		D28061241D8D8CD50052FAC7 /* MyCVTests */ = {
			isa = PBXNativeTarget;
			buildConfigurationList = D280613C1D8D8CD50052FAC7 /* Build configuration list for PBXNativeTarget "MyCVTests" */;
			buildPhases = (
				D28061211D8D8CD50052FAC7 /* Sources */,
				D28061221D8D8CD50052FAC7 /* Frameworks */,
				D28061231D8D8CD50052FAC7 /* Resources */,
			);
			buildRules = (
			);
			dependencies = (
				D28061271D8D8CD50052FAC7 /* PBXTargetDependency */,
			);
			name = MyCVTests;
			productName = MyTests;
			productReference = D28061251D8D8CD50052FAC7 /* MyCVTests.xctest */;
			productType = "com.apple.product-type.bundle.unit-test";
		};
		D280612F1D8D8CD50052FAC7 /* MyCVUITests */ = {
			isa = PBXNativeTarget;
			buildConfigurationList = D280613F1D8D8CD50052FAC7 /* Build configuration list for PBXNativeTarget "MyCVUITests" */;
			buildPhases = (
				D280612C1D8D8CD50052FAC7 /* Sources */,
				D280612D1D8D8CD50052FAC7 /* Frameworks */,
				D280612E1D8D8CD50052FAC7 /* Resources */,
			);
			buildRules = (
			);
			dependencies = (
				D28061321D8D8CD50052FAC7 /* PBXTargetDependency */,
			);
			name = MyCVUITests;
			productName = MyUITests;
			productReference = D28061301D8D8CD50052FAC7 /* MyCVUITests.xctest */;
			productType = "com.apple.product-type.bundle.ui-testing";
		};
/* End PBXNativeTarget section */

/* Begin PBXProject section */
		D28061071D8D8CD50052FAC7 /* Project object */ = {
			isa = PBXProject;
			attributes = {
				LastSwiftUpdateCheck = 0800;
				LastUpgradeCheck = 0800;
				ORGANIZATIONNAME = Khoa;
				TargetAttributes = {
					D280610E1D8D8CD50052FAC7 = {
						CreatedOnToolsVersion = 8.0;
						DevelopmentTeam = WG937QNZTU;
						ProvisioningStyle = Automatic;
					};
					D28061241D8D8CD50052FAC7 = {
						CreatedOnToolsVersion = 8.0;
						DevelopmentTeam = WG937QNZTU;
						ProvisioningStyle = Automatic;
						TestTargetID = D280610E1D8D8CD50052FAC7;
					};
					D280612F1D8D8CD50052FAC7 = {
						CreatedOnToolsVersion = 8.0;
						DevelopmentTeam = WG937QNZTU;
						ProvisioningStyle = Automatic;
						TestTargetID = D280610E1D8D8CD50052FAC7;
					};
				};
			};
			buildConfigurationList = D280610A1D8D8CD50052FAC7 /* Build configuration list for PBXProject "MyCV" */;
			compatibilityVersion = "Xcode 3.2";
			developmentRegion = English;
			hasScannedForEncodings = 0;
			knownRegions = (
				en,
				Base,
			);
			mainGroup = D28061061D8D8CD50052FAC7;
			productRefGroup = D28061101D8D8CD50052FAC7 /* Products */;
			projectDirPath = "";
			projectRoot = "";
			targets = (
				D280610E1D8D8CD50052FAC7 /* MyCV */,
				D28061241D8D8CD50052FAC7 /* MyCVTests */,
				D280612F1D8D8CD50052FAC7 /* MyCVUITests */,
			);
		};
/* End PBXProject section */

/* Begin PBXResourcesBuildPhase section */
		D280610D1D8D8CD50052FAC7 /* Resources */ = {
			isa = PBXResourcesBuildPhase;
			buildActionMask = 2147483647;
			files = (
				D280611F1D8D8CD50052FAC7 /* LaunchScreen.storyboard in Resources */,
				D29587221D91854900AF1B1D /* SourceCodePro-Light.ttf in Resources */,
				D295872D1D91A16D00AF1B1D /* SourceSansPro-LightItalic.ttf in Resources */,
				D280611C1D8D8CD50052FAC7 /* Assets.xcassets in Resources */,
				D295872F1D91A16D00AF1B1D /* SourceSansPro-Semibold.ttf in Resources */,
				D2C81C691D93B75000E8DEA0 /* getintouch.jpg in Resources */,
				D2C81C6B1D93B7B300E8DEA0 /* twitter logo mask.png in Resources */,
				D29587241D91854900AF1B1D /* SourceCodePro-Semibold.ttf in Resources */,
				D29587301D91A16D00AF1B1D /* SourceSansPro-SemiboldItalic.ttf in Resources */,
				D295872E1D91A16D00AF1B1D /* SourceSansPro-Regular.ttf in Resources */,
				D29587231D91854900AF1B1D /* SourceCodePro-Regular.ttf in Resources */,
				D295872B1D91A16D00AF1B1D /* SourceSansPro-Italic.ttf in Resources */,
				D280611A1D8D8CD50052FAC7 /* Main.storyboard in Resources */,
				D2C81C6D1D93B92900E8DEA0 /* contactmask.png in Resources */,
				D295872C1D91A16D00AF1B1D /* SourceSansPro-Light.ttf in Resources */,
			);
			runOnlyForDeploymentPostprocessing = 0;
		};
		D28061231D8D8CD50052FAC7 /* Resources */ = {
			isa = PBXResourcesBuildPhase;
			buildActionMask = 2147483647;
			files = (
			);
			runOnlyForDeploymentPostprocessing = 0;
		};
		D280612E1D8D8CD50052FAC7 /* Resources */ = {
			isa = PBXResourcesBuildPhase;
			buildActionMask = 2147483647;
			files = (
			);
			runOnlyForDeploymentPostprocessing = 0;
		};
/* End PBXResourcesBuildPhase section */

/* Begin PBXSourcesBuildPhase section */
		D280610B1D8D8CD50052FAC7 /* Sources */ = {
			isa = PBXSourcesBuildPhase;
			buildActionMask = 2147483647;
			files = (
				D28061171D8D8CD50052FAC7 /* MyResumeVC.swift in Sources */,
				D2206F091D92F15C00F08066 /* ShowWebsiteVC.swift in Sources */,
				D24438361D921D53007BFD9E /* DegreesToRadians.swift in Sources */,
				D24438381D921DB9007BFD9E /* StatView.swift in Sources */,
				D2206F071D92E7B700F08066 /* MoreVC.swift in Sources */,
				D2FFF9481D9360BA00C89690 /* ContactVC.swift in Sources */,
				D29587321D91A5F600AF1B1D /* FancyButton.swift in Sources */,
				D295C4541D8D9AE50015DCB3 /* CustomAvatar.swift in Sources */,
				D29587161D917D1700AF1B1D /* FancyView.swift in Sources */,
				D2206F051D92E65100F08066 /* SocialCell.swift in Sources */,
				D28061131D8D8CD50052FAC7 /* AppDelegate.swift in Sources */,
				D29587191D9182C700AF1B1D /* Constants.swift in Sources */,
				D2206F031D92E58D00F08066 /* SocialLink.swift in Sources */,
				D28061151D8D8CD50052FAC7 /* HomeVC.swift in Sources */,
			);
			runOnlyForDeploymentPostprocessing = 0;
		};
		D28061211D8D8CD50052FAC7 /* Sources */ = {
			isa = PBXSourcesBuildPhase;
			buildActionMask = 2147483647;
			files = (
				D280612A1D8D8CD50052FAC7 /* MyTests.swift in Sources */,
			);
			runOnlyForDeploymentPostprocessing = 0;
		};
		D280612C1D8D8CD50052FAC7 /* Sources */ = {
			isa = PBXSourcesBuildPhase;
			buildActionMask = 2147483647;
			files = (
				D28061351D8D8CD50052FAC7 /* MyUITests.swift in Sources */,
			);
			runOnlyForDeploymentPostprocessing = 0;
		};
/* End PBXSourcesBuildPhase section */

/* Begin PBXTargetDependency section */
		D28061271D8D8CD50052FAC7 /* PBXTargetDependency */ = {
			isa = PBXTargetDependency;
			target = D280610E1D8D8CD50052FAC7 /* MyCV */;
			targetProxy = D28061261D8D8CD50052FAC7 /* PBXContainerItemProxy */;
		};
		D28061321D8D8CD50052FAC7 /* PBXTargetDependency */ = {
			isa = PBXTargetDependency;
			target = D280610E1D8D8CD50052FAC7 /* MyCV */;
			targetProxy = D28061311D8D8CD50052FAC7 /* PBXContainerItemProxy */;
		};
/* End PBXTargetDependency section */

/* Begin PBXVariantGroup section */
		D28061181D8D8CD50052FAC7 /* Main.storyboard */ = {
			isa = PBXVariantGroup;
			children = (
				D28061191D8D8CD50052FAC7 /* Base */,
			);
			name = Main.storyboard;
			sourceTree = "<group>";
		};
		D280611D1D8D8CD50052FAC7 /* LaunchScreen.storyboard */ = {
			isa = PBXVariantGroup;
			children = (
				D280611E1D8D8CD50052FAC7 /* Base */,
			);
			name = LaunchScreen.storyboard;
			sourceTree = "<group>";
		};
/* End PBXVariantGroup section */

/* Begin XCBuildConfiguration section */
		D28061371D8D8CD50052FAC7 /* Debug */ = {
			isa = XCBuildConfiguration;
			buildSettings = {
				ALWAYS_SEARCH_USER_PATHS = NO;
				CLANG_ANALYZER_NONNULL = YES;
				CLANG_CXX_LANGUAGE_STANDARD = "gnu++0x";
				CLANG_CXX_LIBRARY = "libc++";
				CLANG_ENABLE_MODULES = YES;
				CLANG_ENABLE_OBJC_ARC = YES;
				CLANG_WARN_BOOL_CONVERSION = YES;
				CLANG_WARN_CONSTANT_CONVERSION = YES;
				CLANG_WARN_DIRECT_OBJC_ISA_USAGE = YES_ERROR;
				CLANG_WARN_DOCUMENTATION_COMMENTS = YES;
				CLANG_WARN_EMPTY_BODY = YES;
				CLANG_WARN_ENUM_CONVERSION = YES;
				CLANG_WARN_INFINITE_RECURSION = YES;
				CLANG_WARN_INT_CONVERSION = YES;
				CLANG_WARN_OBJC_ROOT_CLASS = YES_ERROR;
				CLANG_WARN_SUSPICIOUS_MOVES = YES;
				CLANG_WARN_UNREACHABLE_CODE = YES;
				CLANG_WARN__DUPLICATE_METHOD_MATCH = YES;
				"CODE_SIGN_IDENTITY[sdk=iphoneos*]" = "iPhone Developer";
				COPY_PHASE_STRIP = NO;
				DEBUG_INFORMATION_FORMAT = dwarf;
				ENABLE_STRICT_OBJC_MSGSEND = YES;
				ENABLE_TESTABILITY = YES;
				GCC_C_LANGUAGE_STANDARD = gnu99;
				GCC_DYNAMIC_NO_PIC = NO;
				GCC_NO_COMMON_BLOCKS = YES;
				GCC_OPTIMIZATION_LEVEL = 0;
				GCC_PREPROCESSOR_DEFINITIONS = (
					"DEBUG=1",
					"$(inherited)",
				);
				GCC_WARN_64_TO_32_BIT_CONVERSION = YES;
				GCC_WARN_ABOUT_RETURN_TYPE = YES_ERROR;
				GCC_WARN_UNDECLARED_SELECTOR = YES;
				GCC_WARN_UNINITIALIZED_AUTOS = YES_AGGRESSIVE;
				GCC_WARN_UNUSED_FUNCTION = YES;
				GCC_WARN_UNUSED_VARIABLE = YES;
				IPHONEOS_DEPLOYMENT_TARGET = 10.0;
				MTL_ENABLE_DEBUG_INFO = YES;
				ONLY_ACTIVE_ARCH = YES;
				SDKROOT = iphoneos;
				SWIFT_ACTIVE_COMPILATION_CONDITIONS = DEBUG;
				SWIFT_OPTIMIZATION_LEVEL = "-Onone";
				TARGETED_DEVICE_FAMILY = "1,2";
			};
			name = Debug;
		};
		D28061381D8D8CD50052FAC7 /* Release */ = {
			isa = XCBuildConfiguration;
			buildSettings = {
				ALWAYS_SEARCH_USER_PATHS = NO;
				CLANG_ANALYZER_NONNULL = YES;
				CLANG_CXX_LANGUAGE_STANDARD = "gnu++0x";
				CLANG_CXX_LIBRARY = "libc++";
				CLANG_ENABLE_MODULES = YES;
				CLANG_ENABLE_OBJC_ARC = YES;
				CLANG_WARN_BOOL_CONVERSION = YES;
				CLANG_WARN_CONSTANT_CONVERSION = YES;
				CLANG_WARN_DIRECT_OBJC_ISA_USAGE = YES_ERROR;
				CLANG_WARN_DOCUMENTATION_COMMENTS = YES;
				CLANG_WARN_EMPTY_BODY = YES;
				CLANG_WARN_ENUM_CONVERSION = YES;
				CLANG_WARN_INFINITE_RECURSION = YES;
				CLANG_WARN_INT_CONVERSION = YES;
				CLANG_WARN_OBJC_ROOT_CLASS = YES_ERROR;
				CLANG_WARN_SUSPICIOUS_MOVES = YES;
				CLANG_WARN_UNREACHABLE_CODE = YES;
				CLANG_WARN__DUPLICATE_METHOD_MATCH = YES;
				"CODE_SIGN_IDENTITY[sdk=iphoneos*]" = "iPhone Developer";
				COPY_PHASE_STRIP = NO;
				DEBUG_INFORMATION_FORMAT = "dwarf-with-dsym";
				ENABLE_NS_ASSERTIONS = NO;
				ENABLE_STRICT_OBJC_MSGSEND = YES;
				GCC_C_LANGUAGE_STANDARD = gnu99;
				GCC_NO_COMMON_BLOCKS = YES;
				GCC_WARN_64_TO_32_BIT_CONVERSION = YES;
				GCC_WARN_ABOUT_RETURN_TYPE = YES_ERROR;
				GCC_WARN_UNDECLARED_SELECTOR = YES;
				GCC_WARN_UNINITIALIZED_AUTOS = YES_AGGRESSIVE;
				GCC_WARN_UNUSED_FUNCTION = YES;
				GCC_WARN_UNUSED_VARIABLE = YES;
				IPHONEOS_DEPLOYMENT_TARGET = 10.0;
				MTL_ENABLE_DEBUG_INFO = NO;
				SDKROOT = iphoneos;
				SWIFT_OPTIMIZATION_LEVEL = "-Owholemodule";
				TARGETED_DEVICE_FAMILY = "1,2";
				VALIDATE_PRODUCT = YES;
			};
			name = Release;
		};
		D280613A1D8D8CD50052FAC7 /* Debug */ = {
			isa = XCBuildConfiguration;
			buildSettings = {
				ASSETCATALOG_COMPILER_APPICON_NAME = AppIcon;
				DEVELOPMENT_TEAM = WG937QNZTU;
				INFOPLIST_FILE = My/Info.plist;
				IPHONEOS_DEPLOYMENT_TARGET = 9.3;
				LD_RUNPATH_SEARCH_PATHS = "$(inherited) @executable_path/Frameworks";
				PRODUCT_BUNDLE_IDENTIFIER = com.Khoa.MyCV;
				PRODUCT_NAME = "$(TARGET_NAME)";
				SWIFT_VERSION = 3.0;
			};
			name = Debug;
		};
		D280613B1D8D8CD50052FAC7 /* Release */ = {
			isa = XCBuildConfiguration;
			buildSettings = {
				ASSETCATALOG_COMPILER_APPICON_NAME = AppIcon;
				DEVELOPMENT_TEAM = WG937QNZTU;
				INFOPLIST_FILE = My/Info.plist;
				IPHONEOS_DEPLOYMENT_TARGET = 9.3;
				LD_RUNPATH_SEARCH_PATHS = "$(inherited) @executable_path/Frameworks";
				PRODUCT_BUNDLE_IDENTIFIER = com.Khoa.MyCV;
				PRODUCT_NAME = "$(TARGET_NAME)";
				SWIFT_VERSION = 3.0;
			};
			name = Release;
		};
		D280613D1D8D8CD50052FAC7 /* Debug */ = {
			isa = XCBuildConfiguration;
			buildSettings = {
				ALWAYS_EMBED_SWIFT_STANDARD_LIBRARIES = YES;
				BUNDLE_LOADER = "$(TEST_HOST)";
				DEVELOPMENT_TEAM = WG937QNZTU;
				INFOPLIST_FILE = MyTests/Info.plist;
				LD_RUNPATH_SEARCH_PATHS = "$(inherited) @executable_path/Frameworks @loader_path/Frameworks";
				PRODUCT_BUNDLE_IDENTIFIER = com.Khoa.MyTests;
				PRODUCT_NAME = "$(TARGET_NAME)";
				SWIFT_VERSION = 3.0;
				TEST_HOST = "$(BUILT_PRODUCTS_DIR)/MyCV.app/MyCV";
			};
			name = Debug;
		};
		D280613E1D8D8CD50052FAC7 /* Release */ = {
			isa = XCBuildConfiguration;
			buildSettings = {
				ALWAYS_EMBED_SWIFT_STANDARD_LIBRARIES = YES;
				BUNDLE_LOADER = "$(TEST_HOST)";
				DEVELOPMENT_TEAM = WG937QNZTU;
				INFOPLIST_FILE = MyTests/Info.plist;
				LD_RUNPATH_SEARCH_PATHS = "$(inherited) @executable_path/Frameworks @loader_path/Frameworks";
				PRODUCT_BUNDLE_IDENTIFIER = com.Khoa.MyTests;
				PRODUCT_NAME = "$(TARGET_NAME)";
				SWIFT_VERSION = 3.0;
				TEST_HOST = "$(BUILT_PRODUCTS_DIR)/MyCV.app/MyCV";
			};
			name = Release;
		};
		D28061401D8D8CD50052FAC7 /* Debug */ = {
			isa = XCBuildConfiguration;
			buildSettings = {
				ALWAYS_EMBED_SWIFT_STANDARD_LIBRARIES = YES;
				DEVELOPMENT_TEAM = WG937QNZTU;
				INFOPLIST_FILE = MyUITests/Info.plist;
				LD_RUNPATH_SEARCH_PATHS = "$(inherited) @executable_path/Frameworks @loader_path/Frameworks";
				PRODUCT_BUNDLE_IDENTIFIER = com.Khoa.MyUITests;
				PRODUCT_NAME = "$(TARGET_NAME)";
				SWIFT_VERSION = 3.0;
				TEST_TARGET_NAME = My;
			};
			name = Debug;
		};
		D28061411D8D8CD50052FAC7 /* Release */ = {
			isa = XCBuildConfiguration;
			buildSettings = {
				ALWAYS_EMBED_SWIFT_STANDARD_LIBRARIES = YES;
				DEVELOPMENT_TEAM = WG937QNZTU;
				INFOPLIST_FILE = MyUITests/Info.plist;
				LD_RUNPATH_SEARCH_PATHS = "$(inherited) @executable_path/Frameworks @loader_path/Frameworks";
				PRODUCT_BUNDLE_IDENTIFIER = com.Khoa.MyUITests;
				PRODUCT_NAME = "$(TARGET_NAME)";
				SWIFT_VERSION = 3.0;
				TEST_TARGET_NAME = My;
			};
			name = Release;
		};
/* End XCBuildConfiguration section */

/* Begin XCConfigurationList section */
		D280610A1D8D8CD50052FAC7 /* Build configuration list for PBXProject "MyCV" */ = {
			isa = XCConfigurationList;
			buildConfigurations = (
				D28061371D8D8CD50052FAC7 /* Debug */,
				D28061381D8D8CD50052FAC7 /* Release */,
			);
			defaultConfigurationIsVisible = 0;
			defaultConfigurationName = Release;
		};
		D28061391D8D8CD50052FAC7 /* Build configuration list for PBXNativeTarget "MyCV" */ = {
			isa = XCConfigurationList;
			buildConfigurations = (
				D280613A1D8D8CD50052FAC7 /* Debug */,
				D280613B1D8D8CD50052FAC7 /* Release */,
			);
			defaultConfigurationIsVisible = 0;
			defaultConfigurationName = Release;
		};
		D280613C1D8D8CD50052FAC7 /* Build configuration list for PBXNativeTarget "MyCVTests" */ = {
			isa = XCConfigurationList;
			buildConfigurations = (
				D280613D1D8D8CD50052FAC7 /* Debug */,
				D280613E1D8D8CD50052FAC7 /* Release */,
			);
			defaultConfigurationIsVisible = 0;
			defaultConfigurationName = Release;
		};
		D280613F1D8D8CD50052FAC7 /* Build configuration list for PBXNativeTarget "MyCVUITests" */ = {
			isa = XCConfigurationList;
			buildConfigurations = (
				D28061401D8D8CD50052FAC7 /* Debug */,
				D28061411D8D8CD50052FAC7 /* Release */,
			);
			defaultConfigurationIsVisible = 0;
			defaultConfigurationName = Release;
		};
/* End XCConfigurationList section */
	};
	rootObject = D28061071D8D8CD50052FAC7 /* Project object */;
}
